Microsoft Visual Studio Solution File, Format Version 12.00
# Visual Studio Version 16
VisualStudioVersion = 16.0.31605.320
MinimumVisualStudioVersion = 10.0.40219.1
Project("{FAE04EC0-301F-11D3-BF4B-00C04F79EFBC}") = "System_aks_vn.Android", "System_aks_vn\System_aks_vn.Android\System_aks_vn.Android.csproj", "{3DF27073-4DBB-4653-B545-C1BC73DFFAC7}"
EndProject
Project("{FAE04EC0-301F-11D3-BF4B-00C04F79EFBC}") = "System_aks_vn.iOS", "System_aks_vn\System_aks_vn.iOS\System_aks_vn.iOS.csproj", "{5AC65E40-52BB-426F-906B-E4FF83E78637}"
EndProject
Project("{9A19103F-16F7-4668-BE54-9A1E7A4F7556}") = "System_aks_vn", "System_aks_vn\System_aks_vn\System_aks_vn.csproj", "{86B929D6-6F80-475F-9C7C-0CA884FC10F8}"
EndProject
Project("{FAE04EC0-301F-11D3-BF4B-00C04F79EFBC}") = "VstJson", "System_aks_vn\VstJson\VstJson\VstJson\VstJson.csproj", "{D1FED0F1-1F3C-4ADF-86FC-3DE6530989A0}"
EndProject
Global
	GlobalSection(SolutionConfigurationPlatforms) = preSolution
		Debug|Any CPU = Debug|Any CPU
		Debug|iPhone = Debug|iPhone
		Debug|iPhoneSimulator = Debug|iPhoneSimulator
		Release|Any CPU = Release|Any CPU
		Release|iPhone = Release|iPhone
		Release|iPhoneSimulator = Release|iPhoneSimulator
	EndGlobalSection
	GlobalSection(ProjectConfigurationPlatforms) = postSolution
		{3DF27073-4DBB-4653-B545-C1BC73DFFAC7}.Debug|Any CPU.ActiveCfg = Debug|Any CPU
		{3DF27073-4DBB-4653-B545-C1BC73DFFAC7}.Debug|Any CPU.Build.0 = Debug|Any CPU
		{3DF27073-4DBB-4653-B545-C1BC73DFFAC7}.Debug|Any CPU.Deploy.0 = Debug|Any CPU
		{3DF27073-4DBB-4653-B545-C1BC73DFFAC7}.Debug|iPhone.ActiveCfg = Debug|Any CPU
		{3DF27073-4DBB-4653-B545-C1BC73DFFAC7}.Debug|iPhone.Build.0 = Debug|Any CPU
		{3DF27073-4DBB-4653-B545-C1BC73DFFAC7}.Debug|iPhone.Deploy.0 = Debug|Any CPU
		{3DF27073-4DBB-4653-B545-C1BC73DFFAC7}.Debug|iPhoneSimulator.ActiveCfg = Debug|Any CPU
		{3DF27073-4DBB-4653-B545-C1BC73DFFAC7}.Debug|iPhoneSimulator.Build.0 = Debug|Any CPU
		{3DF27073-4DBB-4653-B545-C1BC73DFFAC7}.Debug|iPhoneSimulator.Deploy.0 = Debug|Any CPU
		{3DF27073-4DBB-4653-B545-C1BC73DFFAC7}.Release|Any CPU.ActiveCfg = Release|Any CPU
		{3DF27073-4DBB-4653-B545-C1BC73DFFAC7}.Release|Any CPU.Build.0 = Release|Any CPU
		{3DF27073-4DBB-4653-B545-C1BC73DFFAC7}.Release|Any CPU.Deploy.0 = Release|Any CPU
		{3DF27073-4DBB-4653-B545-C1BC73DFFAC7}.Release|iPhone.ActiveCfg = Release|Any CPU
		{3DF27073-4DBB-4653-B545-C1BC73DFFAC7}.Release|iPhone.Build.0 = Release|Any CPU
		{3DF27073-4DBB-4653-B545-C1BC73DFFAC7}.Release|iPhone.Deploy.0 = Release|Any CPU
		{3DF27073-4DBB-4653-B545-C1BC73DFFAC7}.Release|iPhoneSimulator.ActiveCfg = Release|Any CPU
		{3DF27073-4DBB-4653-B545-C1BC73DFFAC7}.Release|iPhoneSimulator.Build.0 = Release|Any CPU
		{3DF27073-4DBB-4653-B545-C1BC73DFFAC7}.Release|iPhoneSimulator.Deploy.0 = Release|Any CPU
		{5AC65E40-52BB-426F-906B-E4FF83E78637}.Debug|Any CPU.ActiveCfg = Debug|iPhone
		{5AC65E40-52BB-426F-906B-E4FF83E78637}.Debug|Any CPU.Build.0 = Debug|iPhone
		{5AC65E40-52BB-426F-906B-E4FF83E78637}.Debug|Any CPU.Deploy.0 = Debug|iPhone
		{5AC65E40-52BB-426F-906B-E4FF83E78637}.Debug|iPhone.ActiveCfg = Debug|iPhone
		{5AC65E40-52BB-426F-906B-E4FF83E78637}.Debug|iPhone.Build.0 = Debug|iPhone
		{5AC65E40-52BB-426F-906B-E4FF83E78637}.Debug|iPhone.Deploy.0 = Debug|iPhone
		{5AC65E40-52BB-426F-906B-E4FF83E78637}.Debug|iPhoneSimulator.ActiveCfg = Debug|iPhoneSimulator
		{5AC65E40-52BB-426F-906B-E4FF83E78637}.Debug|iPhoneSimulator.Build.0 = Debug|iPhoneSimulator
		{5AC65E40-52BB-426F-906B-E4FF83E78637}.Debug|iPhoneSimulator.Deploy.0 = Debug|iPhoneSimulator
		{5AC65E40-52BB-426F-906B-E4FF83E78637}.Release|Any CPU.ActiveCfg = Release|iPhoneSimulator
		{5AC65E40-52BB-426F-906B-E4FF83E78637}.Release|Any CPU.Build.0 = Release|iPhoneSimulator
		{5AC65E40-52BB-426F-906B-E4FF83E78637}.Release|Any CPU.Deploy.0 = Release|iPhoneSimulator
		{5AC65E40-52BB-426F-906B-E4FF83E78637}.Release|iPhone.ActiveCfg = Release|iPhone
		{5AC65E40-52BB-426F-906B-E4FF83E78637}.Release|iPhone.Build.0 = Release|iPhone
		{5AC65E40-52BB-426F-906B-E4FF83E78637}.Release|iPhone.Deploy.0 = Release|iPhone
		{5AC65E40-52BB-426F-906B-E4FF83E78637}.Release|iPhoneSimulator.ActiveCfg = Release|iPhoneSimulator
		{5AC65E40-52BB-426F-906B-E4FF83E78637}.Release|iPhoneSimulator.Build.0 = Release|iPhoneSimulator
		{5AC65E40-52BB-426F-906B-E4FF83E78637}.Release|iPhoneSimulator.Deploy.0 = Release|iPhoneSimulator
		{86B929D6-6F80-475F-9C7C-0CA884FC10F8}.Debug|Any CPU.ActiveCfg = Debug|Any CPU
		{86B929D6-6F80-475F-9C7C-0CA884FC10F8}.Debug|Any CPU.Build.0 = Debug|Any CPU
		{86B929D6-6F80-475F-9C7C-0CA884FC10F8}.Debug|Any CPU.Deploy.0 = Debug|Any CPU
		{86B929D6-6F80-475F-9C7C-0CA884FC10F8}.Debug|iPhone.ActiveCfg = Debug|Any CPU
		{86B929D6-6F80-475F-9C7C-0CA884FC10F8}.Debug|iPhone.Build.0 = Debug|Any CPU
		{86B929D6-6F80-475F-9C7C-0CA884FC10F8}.Debug|iPhone.Deploy.0 = Debug|Any CPU
		{86B929D6-6F80-475F-9C7C-0CA884FC10F8}.Debug|iPhoneSimulator.ActiveCfg = Debug|Any CPU
		{86B929D6-6F80-475F-9C7C-0CA884FC10F8}.Debug|iPhoneSimulator.Build.0 = Debug|Any CPU
		{86B929D6-6F80-475F-9C7C-0CA884FC10F8}.Debug|iPhoneSimulator.Deploy.0 = Debug|Any CPU
		{86B929D6-6F80-475F-9C7C-0CA884FC10F8}.Release|Any CPU.ActiveCfg = Release|Any CPU
		{86B929D6-6F80-475F-9C7C-0CA884FC10F8}.Release|Any CPU.Build.0 = Release|Any CPU
		{86B929D6-6F80-475F-9C7C-0CA884FC10F8}.Release|Any CPU.Deploy.0 = Release|Any CPU
		{86B929D6-6F80-475F-9C7C-0CA884FC10F8}.Release|iPhone.ActiveCfg = Release|Any CPU
		{86B929D6-6F80-475F-9C7C-0CA884FC10F8}.Release|iPhone.Build.0 = Release|Any CPU
		{86B929D6-6F80-475F-9C7C-0CA884FC10F8}.Release|iPhone.Deploy.0 = Release|Any CPU
		{86B929D6-6F80-475F-9C7C-0CA884FC10F8}.Release|iPhoneSimulator.ActiveCfg = Release|Any CPU
		{86B929D6-6F80-475F-9C7C-0CA884FC10F8}.Release|iPhoneSimulator.Build.0 = Release|Any CPU
		{86B929D6-6F80-475F-9C7C-0CA884FC10F8}.Release|iPhoneSimulator.Deploy.0 = Release|Any CPU
		{D1FED0F1-1F3C-4ADF-86FC-3DE6530989A0}.Debug|Any CPU.ActiveCfg = Debug|Any CPU
		{D1FED0F1-1F3C-4ADF-86FC-3DE6530989A0}.Debug|Any CPU.Build.0 = Debug|Any CPU
		{D1FED0F1-1F3C-4ADF-86FC-3DE6530989A0}.Debug|iPhone.ActiveCfg = Debug|Any CPU
		{D1FED0F1-1F3C-4ADF-86FC-3DE6530989A0}.Debug|iPhone.Build.0 = Debug|Any CPU
		{D1FED0F1-1F3C-4ADF-86FC-3DE6530989A0}.Debug|iPhoneSimulator.ActiveCfg = Debug|Any CPU
		{D1FED0F1-1F3C-4ADF-86FC-3DE6530989A0}.Debug|iPhoneSimulator.Build.0 = Debug|Any CPU
		{D1FED0F1-1F3C-4ADF-86FC-3DE6530989A0}.Release|Any CPU.ActiveCfg = Release|Any CPU
		{D1FED0F1-1F3C-4ADF-86FC-3DE6530989A0}.Release|Any CPU.Build.0 = Release|Any CPU
		{D1FED0F1-1F3C-4ADF-86FC-3DE6530989A0}.Release|iPhone.ActiveCfg = Release|Any CPU
		{D1FED0F1-1F3C-4ADF-86FC-3DE6530989A0}.Release|iPhone.Build.0 = Release|Any CPU
		{D1FED0F1-1F3C-4ADF-86FC-3DE6530989A0}.Release|iPhoneSimulator.ActiveCfg = Release|Any CPU
		{D1FED0F1-1F3C-4ADF-86FC-3DE6530989A0}.Release|iPhoneSimulator.Build.0 = Release|Any CPU
	EndGlobalSection
	GlobalSection(SolutionProperties) = preSolution
		HideSolutionNode = FALSE
	EndGlobalSection
	GlobalSection(ExtensibilityGlobals) = postSolution
		SolutionGuid = {883C4DFA-723F-46FC-A9FA-1E8EDCDD1E23}
	EndGlobalSection
EndGlobal
